
Microsoft Visual Studio Solution File, Format Version 12.00
# Visual Studio Version 16
VisualStudioVersion = 16.0.30320.27
MinimumVisualStudioVersion = 10.0.40219.1
Project("{FAE04EC0-301F-11D3-BF4B-00C04F79EFBC}") = "UITestingConsole", "UITestingConsole.csproj", "{866B57D1-C239-49ED-ABEE-AC088D646C56}"
EndProject
Project("{FAE04EC0-301F-11D3-BF4B-00C04F79EFBC}") = "TestingFramework", "TestingFramework\TestingFramework.csproj", "{0408CE6D-9E08-4E8A-A2BB-041EE8DE8239}"
EndProject
Global
	GlobalSection(SolutionConfigurationPlatforms) = preSolution
		Debug|Any CPU = Debug|Any CPU
		Release|Any CPU = Release|Any CPU
	EndGlobalSection
	GlobalSection(ProjectConfigurationPlatforms) = postSolution
		{866B57D1-C239-49ED-ABEE-AC088D646C56}.Debug|Any CPU.ActiveCfg = Debug|Any CPU
		{866B57D1-C239-49ED-ABEE-AC088D646C56}.Debug|Any CPU.Build.0 = Debug|Any CPU
		{866B57D1-C239-49ED-ABEE-AC088D646C56}.Release|Any CPU.ActiveCfg = Release|Any CPU
		{866B57D1-C239-49ED-ABEE-AC088D646C56}.Release|Any CPU.Build.0 = Release|Any CPU
		{0408CE6D-9E08-4E8A-A2BB-041EE8DE8239}.Debug|Any CPU.ActiveCfg = Debug|Any CPU
		{0408CE6D-9E08-4E8A-A2BB-041EE8DE8239}.Debug|Any CPU.Build.0 = Debug|Any CPU
		{0408CE6D-9E08-4E8A-A2BB-041EE8DE8239}.Release|Any CPU.ActiveCfg = Release|Any CPU
		{0408CE6D-9E08-4E8A-A2BB-041EE8DE8239}.Release|Any CPU.Build.0 = Release|Any CPU
	EndGlobalSection
	GlobalSection(SolutionProperties) = preSolution
		HideSolutionNode = FALSE
	EndGlobalSection
	GlobalSection(ExtensibilityGlobals) = postSolution
		SolutionGuid = {5D7A098A-FED7-444F-AC14-D339AA2E5478}
	EndGlobalSection
EndGlobal
