
Microsoft Visual Studio Solution File, Format Version 12.00
# Visual Studio Version 16
VisualStudioVersion = 16.0.30711.63
MinimumVisualStudioVersion = 10.0.40219.1
Project("{9A19103F-16F7-4668-BE54-9A1E7A4F7556}") = "AuTeReporter", "AuTeReporter.csproj", "{6A074292-2CE7-4717-9634-2825E2162869}"
EndProject
Global
	GlobalSection(SolutionConfigurationPlatforms) = preSolution
		Debug|Any CPU = Debug|Any CPU
		Debug|x64 = Debug|x64
		Release|Any CPU = Release|Any CPU
		Release|x64 = Release|x64
	EndGlobalSection
	GlobalSection(ProjectConfigurationPlatforms) = postSolution
		{6A074292-2CE7-4717-9634-2825E2162869}.Debug|Any CPU.ActiveCfg = Debug|Any CPU
		{6A074292-2CE7-4717-9634-2825E2162869}.Debug|Any CPU.Build.0 = Debug|Any CPU
		{6A074292-2CE7-4717-9634-2825E2162869}.Debug|x64.ActiveCfg = Debug|x64
		{6A074292-2CE7-4717-9634-2825E2162869}.Debug|x64.Build.0 = Debug|x64
		{6A074292-2CE7-4717-9634-2825E2162869}.Release|Any CPU.ActiveCfg = Release|Any CPU
		{6A074292-2CE7-4717-9634-2825E2162869}.Release|Any CPU.Build.0 = Release|Any CPU
		{6A074292-2CE7-4717-9634-2825E2162869}.Release|x64.ActiveCfg = Release|x64
		{6A074292-2CE7-4717-9634-2825E2162869}.Release|x64.Build.0 = Release|x64
	EndGlobalSection
	GlobalSection(SolutionProperties) = preSolution
		HideSolutionNode = FALSE
	EndGlobalSection
	GlobalSection(ExtensibilityGlobals) = postSolution
		SolutionGuid = {B0C0909F-A228-4F99-81AD-E6B65053444B}
	EndGlobalSection
EndGlobal
